// !$*UTF8*$!
{
	archiveVersion = 1;
	classes = {
	};
	objectVersion = 45;
	objects = {

/* Begin PBXBuildFile section */
		1627968110DBCCE3009B7B47 /* main.m in Sources */ = {isa = PBXBuildFile; fileRef = 1627968010DBCCE3009B7B47 /* main.m */; };
		1674464410F206F600A7BFD7 /* SmartFolder.icns in Resources */ = {isa = PBXBuildFile; fileRef = 1674464310F206F600A7BFD7 /* SmartFolder.icns */; };
		16A604E410F246DE002E1624 /* CannedSavedSearchFilter.m in Sources */ = {isa = PBXBuildFile; fileRef = 16A604E310F246DE002E1624 /* CannedSavedSearchFilter.m */; };
		16A604FC10F24849002E1624 /* UserSavedSearchFilter.m in Sources */ = {isa = PBXBuildFile; fileRef = 16A604FB10F24849002E1624 /* UserSavedSearchFilter.m */; };
		1DDD58160DA1D0A300B32029 /* MainMenu.xib in Resources */ = {isa = PBXBuildFile; fileRef = 1DDD58140DA1D0A300B32029 /* MainMenu.xib */; };
		8D11072B0486CEB800E47090 /* InfoPlist.strings in Resources */ = {isa = PBXBuildFile; fileRef = 089C165CFE840E0CC02AAC07 /* InfoPlist.strings */; };
		8D11072F0486CEB800E47090 /* Cocoa.framework in Frameworks */ = {isa = PBXBuildFile; fileRef = 1058C7A1FEA54F0111CA2CBB /* Cocoa.framework */; };
		D0D0CBB210EA60D6002B1776 /* FileFilter.m in Sources */ = {isa = PBXBuildFile; fileRef = D0D0CBB110EA60D6002B1776 /* FileFilter.m */; };
		D0D0CC4C10EB8355002B1776 /* FilterManager.m in Sources */ = {isa = PBXBuildFile; fileRef = D0D0CC4B10EB8355002B1776 /* FilterManager.m */; };
		D0FEBC1910DD405300ED90EF /* pathContainer.m in Sources */ = {isa = PBXBuildFile; fileRef = D0FEBC1810DD405300ED90EF /* pathContainer.m */; };
		FFA311CF0EE5160400FF2904 /* TorchFS.icns in Resources */ = {isa = PBXBuildFile; fileRef = FFA311CE0EE5160400FF2904 /* TorchFS.icns */; };
		FFA311D10EE5167200FF2904 /* MacFUSE.framework in Frameworks */ = {isa = PBXBuildFile; fileRef = FFA311D00EE5167200FF2904 /* MacFUSE.framework */; };
		FFD925C00EE507A800A7B2B2 /* TorchFS_Controller.m in Sources */ = {isa = PBXBuildFile; fileRef = FFD925BF0EE507A800A7B2B2 /* TorchFS_Controller.m */; };
		FFD925C30EE5082D00A7B2B2 /* TorchFS_Filesystem.m in Sources */ = {isa = PBXBuildFile; fileRef = FFD925C20EE5082D00A7B2B2 /* TorchFS_Filesystem.m */; };
/* End PBXBuildFile section */

/* Begin PBXFileReference section */
		089C165DFE840E0CC02AAC07 /* English */ = {isa = PBXFileReference; fileEncoding = 10; lastKnownFileType = text.plist.strings; name = English; path = English.lproj/InfoPlist.strings; sourceTree = "<group>"; };
		1058C7A1FEA54F0111CA2CBB /* Cocoa.framework */ = {isa = PBXFileReference; lastKnownFileType = wrapper.framework; name = Cocoa.framework; path = /System/Library/Frameworks/Cocoa.framework; sourceTree = "<absolute>"; };
		13E42FB307B3F0F600E4EEF1 /* CoreData.framework */ = {isa = PBXFileReference; lastKnownFileType = wrapper.framework; name = CoreData.framework; path = /System/Library/Frameworks/CoreData.framework; sourceTree = "<absolute>"; };
		1627968010DBCCE3009B7B47 /* main.m */ = {isa = PBXFileReference; fileEncoding = 4; lastKnownFileType = sourcecode.c.objc; path = main.m; sourceTree = "<group>"; };
		1674464310F206F600A7BFD7 /* SmartFolder.icns */ = {isa = PBXFileReference; lastKnownFileType = image.icns; path = SmartFolder.icns; sourceTree = "<group>"; };
		16A604E210F246DE002E1624 /* CannedSavedSearchFilter.h */ = {isa = PBXFileReference; fileEncoding = 4; lastKnownFileType = sourcecode.c.h; path = CannedSavedSearchFilter.h; sourceTree = "<group>"; };
		16A604E310F246DE002E1624 /* CannedSavedSearchFilter.m */ = {isa = PBXFileReference; fileEncoding = 4; lastKnownFileType = sourcecode.c.objc; path = CannedSavedSearchFilter.m; sourceTree = "<group>"; };
		16A604FA10F24849002E1624 /* UserSavedSearchFilter.h */ = {isa = PBXFileReference; fileEncoding = 4; lastKnownFileType = sourcecode.c.h; path = UserSavedSearchFilter.h; sourceTree = "<group>"; };
		16A604FB10F24849002E1624 /* UserSavedSearchFilter.m */ = {isa = PBXFileReference; fileEncoding = 4; lastKnownFileType = sourcecode.c.objc; path = UserSavedSearchFilter.m; sourceTree = "<group>"; };
		16E3819A1111A462001397E7 /* TorchFSDefines.h */ = {isa = PBXFileReference; fileEncoding = 4; lastKnownFileType = sourcecode.c.h; path = TorchFSDefines.h; sourceTree = "<group>"; };
		1DDD58150DA1D0A300B32029 /* English */ = {isa = PBXFileReference; lastKnownFileType = file.xib; name = English; path = English.lproj/MainMenu.xib; sourceTree = "<group>"; };
		29B97324FDCFA39411CA2CEA /* AppKit.framework */ = {isa = PBXFileReference; lastKnownFileType = wrapper.framework; name = AppKit.framework; path = /System/Library/Frameworks/AppKit.framework; sourceTree = "<absolute>"; };
		29B97325FDCFA39411CA2CEA /* Foundation.framework */ = {isa = PBXFileReference; lastKnownFileType = wrapper.framework; name = Foundation.framework; path = /System/Library/Frameworks/Foundation.framework; sourceTree = "<absolute>"; };
		32CA4F630368D1EE00C91783 /* TorchFS_Prefix.pch */ = {isa = PBXFileReference; fileEncoding = 4; lastKnownFileType = sourcecode.c.h; path = TorchFS_Prefix.pch; sourceTree = "<group>"; };
		8D1107310486CEB800E47090 /* Info.plist */ = {isa = PBXFileReference; fileEncoding = 4; lastKnownFileType = text.plist.xml; path = Info.plist; sourceTree = "<group>"; };
		8D1107320486CEB800E47090 /* TorchFS.app */ = {isa = PBXFileReference; explicitFileType = wrapper.application; includeInIndex = 0; path = TorchFS.app; sourceTree = BUILT_PRODUCTS_DIR; };
		D0D0CBB010EA60D5002B1776 /* FileFilter.h */ = {isa = PBXFileReference; fileEncoding = 4; lastKnownFileType = sourcecode.c.h; path = FileFilter.h; sourceTree = "<group>"; };
		D0D0CBB110EA60D6002B1776 /* FileFilter.m */ = {isa = PBXFileReference; fileEncoding = 4; lastKnownFileType = sourcecode.c.objc; path = FileFilter.m; sourceTree = "<group>"; };
		D0D0CC4A10EB8355002B1776 /* FilterManager.h */ = {isa = PBXFileReference; fileEncoding = 4; lastKnownFileType = sourcecode.c.h; path = FilterManager.h; sourceTree = "<group>"; };
		D0D0CC4B10EB8355002B1776 /* FilterManager.m */ = {isa = PBXFileReference; fileEncoding = 4; lastKnownFileType = sourcecode.c.objc; path = FilterManager.m; sourceTree = "<group>"; };
		D0FEBC1710DD405300ED90EF /* pathContainer.h */ = {isa = PBXFileReference; fileEncoding = 4; lastKnownFileType = sourcecode.c.h; path = pathContainer.h; sourceTree = "<group>"; };
		D0FEBC1810DD405300ED90EF /* pathContainer.m */ = {isa = PBXFileReference; fileEncoding = 4; lastKnownFileType = sourcecode.c.objc; path = pathContainer.m; sourceTree = "<group>"; };
		FFA311CE0EE5160400FF2904 /* TorchFS.icns */ = {isa = PBXFileReference; lastKnownFileType = image.icns; path = TorchFS.icns; sourceTree = "<group>"; };
		FFA311D00EE5167200FF2904 /* MacFUSE.framework */ = {isa = PBXFileReference; lastKnownFileType = wrapper.framework; name = MacFUSE.framework; path = /Library/Frameworks/MacFUSE.framework; sourceTree = "<absolute>"; };
		FFD925BE0EE507A800A7B2B2 /* TorchFS_Controller.h */ = {isa = PBXFileReference; fileEncoding = 4; lastKnownFileType = sourcecode.c.h; path = TorchFS_Controller.h; sourceTree = "<group>"; };
		FFD925BF0EE507A800A7B2B2 /* TorchFS_Controller.m */ = {isa = PBXFileReference; fileEncoding = 4; lastKnownFileType = sourcecode.c.objc; path = TorchFS_Controller.m; sourceTree = "<group>"; };
		FFD925C10EE5082D00A7B2B2 /* TorchFS_Filesystem.h */ = {isa = PBXFileReference; fileEncoding = 4; lastKnownFileType = sourcecode.c.h; path = TorchFS_Filesystem.h; sourceTree = "<group>"; };
		FFD925C20EE5082D00A7B2B2 /* TorchFS_Filesystem.m */ = {isa = PBXFileReference; fileEncoding = 4; lastKnownFileType = sourcecode.c.objc; path = TorchFS_Filesystem.m; sourceTree = "<group>"; };
/* End PBXFileReference section */

/* Begin PBXFrameworksBuildPhase section */
		8D11072E0486CEB800E47090 /* Frameworks */ = {
			isa = PBXFrameworksBuildPhase;
			buildActionMask = 2147483647;
			files = (
				8D11072F0486CEB800E47090 /* Cocoa.framework in Frameworks */,
				FFA311D10EE5167200FF2904 /* MacFUSE.framework in Frameworks */,
			);
			runOnlyForDeploymentPostprocessing = 0;
		};
/* End PBXFrameworksBuildPhase section */

/* Begin PBXGroup section */
		080E96DDFE201D6D7F000001 /* Classes */ = {
			isa = PBXGroup;
			children = (
				FFD925C10EE5082D00A7B2B2 /* TorchFS_Filesystem.h */,
				FFD925C20EE5082D00A7B2B2 /* TorchFS_Filesystem.m */,
				FFD925BE0EE507A800A7B2B2 /* TorchFS_Controller.h */,
				FFD925BF0EE507A800A7B2B2 /* TorchFS_Controller.m */,
			);
			name = Classes;
			sourceTree = "<group>";
		};
		1058C7A0FEA54F0111CA2CBB /* Linked Frameworks */ = {
			isa = PBXGroup;
			children = (
				1058C7A1FEA54F0111CA2CBB /* Cocoa.framework */,
				FFA311D00EE5167200FF2904 /* MacFUSE.framework */,
			);
			name = "Linked Frameworks";
			sourceTree = "<group>";
		};
		1058C7A2FEA54F0111CA2CBB /* Other Frameworks */ = {
			isa = PBXGroup;
			children = (
				29B97324FDCFA39411CA2CEA /* AppKit.framework */,
				13E42FB307B3F0F600E4EEF1 /* CoreData.framework */,
				29B97325FDCFA39411CA2CEA /* Foundation.framework */,
			);
			name = "Other Frameworks";
			sourceTree = "<group>";
		};
		19C28FACFE9D520D11CA2CBB /* Products */ = {
			isa = PBXGroup;
			children = (
				8D1107320486CEB800E47090 /* TorchFS.app */,
			);
			name = Products;
			sourceTree = "<group>";
		};
		29B97314FDCFA39411CA2CEA /* FunzelFS */ = {
			isa = PBXGroup;
			children = (
				D0FEBC1610DD402100ED90EF /* PathContainer */,
				080E96DDFE201D6D7F000001 /* Classes */,
				29B97315FDCFA39411CA2CEA /* Other Sources */,
				29B97317FDCFA39411CA2CEA /* Resources */,
				29B97323FDCFA39411CA2CEA /* Frameworks */,
				19C28FACFE9D520D11CA2CBB /* Products */,
			);
			name = FunzelFS;
			sourceTree = "<group>";
		};
		29B97315FDCFA39411CA2CEA /* Other Sources */ = {
			isa = PBXGroup;
			children = (
				32CA4F630368D1EE00C91783 /* TorchFS_Prefix.pch */,
				1627968010DBCCE3009B7B47 /* main.m */,
				16E3819A1111A462001397E7 /* TorchFSDefines.h */,
			);
			name = "Other Sources";
			sourceTree = "<group>";
		};
		29B97317FDCFA39411CA2CEA /* Resources */ = {
			isa = PBXGroup;
			children = (
				1674464310F206F600A7BFD7 /* SmartFolder.icns */,
				FFA311CE0EE5160400FF2904 /* TorchFS.icns */,
				8D1107310486CEB800E47090 /* Info.plist */,
				089C165CFE840E0CC02AAC07 /* InfoPlist.strings */,
				1DDD58140DA1D0A300B32029 /* MainMenu.xib */,
			);
			name = Resources;
			sourceTree = "<group>";
		};
		29B97323FDCFA39411CA2CEA /* Frameworks */ = {
			isa = PBXGroup;
			children = (
				1058C7A0FEA54F0111CA2CBB /* Linked Frameworks */,
				1058C7A2FEA54F0111CA2CBB /* Other Frameworks */,
			);
			name = Frameworks;
			sourceTree = "<group>";
		};
		D0D0CC6710EB991D002B1776 /* FileFilter */ = {
			isa = PBXGroup;
			children = (
				D0D0CBB010EA60D5002B1776 /* FileFilter.h */,
				D0D0CBB110EA60D6002B1776 /* FileFilter.m */,
				16A604E210F246DE002E1624 /* CannedSavedSearchFilter.h */,
				16A604E310F246DE002E1624 /* CannedSavedSearchFilter.m */,
				16A604FA10F24849002E1624 /* UserSavedSearchFilter.h */,
				16A604FB10F24849002E1624 /* UserSavedSearchFilter.m */,
			);
			name = FileFilter;
			sourceTree = "<group>";
		};
		D0FEBC1610DD402100ED90EF /* PathContainer */ = {
			isa = PBXGroup;
			children = (
				D0FEBC1710DD405300ED90EF /* pathContainer.h */,
				D0FEBC1810DD405300ED90EF /* pathContainer.m */,
				D0D0CC6710EB991D002B1776 /* FileFilter */,
				D0D0CC4A10EB8355002B1776 /* FilterManager.h */,
				D0D0CC4B10EB8355002B1776 /* FilterManager.m */,
			);
			name = PathContainer;
			sourceTree = "<group>";
		};
/* End PBXGroup section */

/* Begin PBXNativeTarget section */
		8D1107260486CEB800E47090 /* TorchFS */ = {
			isa = PBXNativeTarget;
			buildConfigurationList = C01FCF4A08A954540054247B /* Build configuration list for PBXNativeTarget "TorchFS" */;
			buildPhases = (
				8D1107290486CEB800E47090 /* Resources */,
				8D11072C0486CEB800E47090 /* Sources */,
				8D11072E0486CEB800E47090 /* Frameworks */,
			);
			buildRules = (
			);
			dependencies = (
			);
			name = TorchFS;
			productInstallPath = "$(HOME)/Applications";
			productName = FunzelFS;
			productReference = 8D1107320486CEB800E47090 /* TorchFS.app */;
			productType = "com.apple.product-type.application";
		};
/* End PBXNativeTarget section */

/* Begin PBXProject section */
		29B97313FDCFA39411CA2CEA /* Project object */ = {
			isa = PBXProject;
			buildConfigurationList = C01FCF4E08A954540054247B /* Build configuration list for PBXProject "TorchFS" */;
			compatibilityVersion = "Xcode 3.1";
			hasScannedForEncodings = 1;
			mainGroup = 29B97314FDCFA39411CA2CEA /* FunzelFS */;
			projectDirPath = "";
			projectRoot = "";
			targets = (
				8D1107260486CEB800E47090 /* TorchFS */,
			);
		};
/* End PBXProject section */

/* Begin PBXResourcesBuildPhase section */
		8D1107290486CEB800E47090 /* Resources */ = {
			isa = PBXResourcesBuildPhase;
			buildActionMask = 2147483647;
			files = (
				8D11072B0486CEB800E47090 /* InfoPlist.strings in Resources */,
				1DDD58160DA1D0A300B32029 /* MainMenu.xib in Resources */,
				FFA311CF0EE5160400FF2904 /* TorchFS.icns in Resources */,
				1674464410F206F600A7BFD7 /* SmartFolder.icns in Resources */,
			);
			runOnlyForDeploymentPostprocessing = 0;
		};
/* End PBXResourcesBuildPhase section */

/* Begin PBXSourcesBuildPhase section */
		8D11072C0486CEB800E47090 /* Sources */ = {
			isa = PBXSourcesBuildPhase;
			buildActionMask = 2147483647;
			files = (
				FFD925C00EE507A800A7B2B2 /* TorchFS_Controller.m in Sources */,
				FFD925C30EE5082D00A7B2B2 /* TorchFS_Filesystem.m in Sources */,
				1627968110DBCCE3009B7B47 /* main.m in Sources */,
				D0FEBC1910DD405300ED90EF /* pathContainer.m in Sources */,
				D0D0CBB210EA60D6002B1776 /* FileFilter.m in Sources */,
				D0D0CC4C10EB8355002B1776 /* FilterManager.m in Sources */,
				16A604E410F246DE002E1624 /* CannedSavedSearchFilter.m in Sources */,
				16A604FC10F24849002E1624 /* UserSavedSearchFilter.m in Sources */,
			);
			runOnlyForDeploymentPostprocessing = 0;
		};
/* End PBXSourcesBuildPhase section */

/* Begin PBXVariantGroup section */
		089C165CFE840E0CC02AAC07 /* InfoPlist.strings */ = {
			isa = PBXVariantGroup;
			children = (
				089C165DFE840E0CC02AAC07 /* English */,
			);
			name = InfoPlist.strings;
			sourceTree = "<group>";
		};
		1DDD58140DA1D0A300B32029 /* MainMenu.xib */ = {
			isa = PBXVariantGroup;
			children = (
				1DDD58150DA1D0A300B32029 /* English */,
			);
			name = MainMenu.xib;
			sourceTree = "<group>";
		};
/* End PBXVariantGroup section */

/* Begin XCBuildConfiguration section */
		C01FCF4B08A954540054247B /* Debug */ = {
			isa = XCBuildConfiguration;
			buildSettings = {
				ALWAYS_SEARCH_USER_PATHS = NO;
				ARCHS = "$(ARCHS_STANDARD_32_64_BIT)";
				COPY_PHASE_STRIP = NO;
				GCC_DYNAMIC_NO_PIC = NO;
				GCC_ENABLE_FIX_AND_CONTINUE = YES;
				GCC_MODEL_TUNING = G5;
				GCC_OPTIMIZATION_LEVEL = 0;
				GCC_PRECOMPILE_PREFIX_HEADER = YES;
				GCC_PREFIX_HEADER = TorchFS_Prefix.pch;
				INFOPLIST_FILE = Info.plist;
				INSTALL_PATH = "$(HOME)/Applications";
				PRODUCT_NAME = TorchFS;
				VALID_ARCHS = "i386 ppc ppc64 ppc7400 ppc970 x86_64";
			};
			name = Debug;
		};
		C01FCF4C08A954540054247B /* Release */ = {
			isa = XCBuildConfiguration;
			buildSettings = {
				ALWAYS_SEARCH_USER_PATHS = NO;
				ARCHS = "$(ARCHS_STANDARD_32_64_BIT)";
				DEBUG_INFORMATION_FORMAT = "dwarf-with-dsym";
				GCC_MODEL_TUNING = G5;
				GCC_PRECOMPILE_PREFIX_HEADER = YES;
				GCC_PREFIX_HEADER = TorchFS_Prefix.pch;
				INFOPLIST_FILE = Info.plist;
				INSTALL_PATH = "$(HOME)/Applications";
				PRODUCT_NAME = TorchFS;
				VALID_ARCHS = "i386 ppc ppc64 ppc7400 ppc970 x86_64";
			};
			name = Release;
		};
		C01FCF4F08A954540054247B /* Debug */ = {
			isa = XCBuildConfiguration;
			buildSettings = {
				ARCHS = "$(ARCHS_STANDARD_32_BIT)";
				GCC_C_LANGUAGE_STANDARD = c99;
				GCC_OPTIMIZATION_LEVEL = 0;
				GCC_WARN_ABOUT_RETURN_TYPE = YES;
				GCC_WARN_UNUSED_VARIABLE = YES;
				ONLY_ACTIVE_ARCH = YES;
				PREBINDING = NO;
				SDKROOT = macosx10.5;
			};
			name = Debug;
		};
		C01FCF5008A954540054247B /* Release */ = {
			isa = XCBuildConfiguration;
			buildSettings = {
				ARCHS = "$(ARCHS_STANDARD_32_BIT)";
				GCC_C_LANGUAGE_STANDARD = c99;
				GCC_WARN_ABOUT_RETURN_TYPE = YES;
				GCC_WARN_UNUSED_VARIABLE = YES;
				PREBINDING = NO;
				SDKROOT = macosx10.5;
			};
			name = Release;
		};
/* End XCBuildConfiguration section */

/* Begin XCConfigurationList section */
		C01FCF4A08A954540054247B /* Build configuration list for PBXNativeTarget "TorchFS" */ = {
			isa = XCConfigurationList;
			buildConfigurations = (
				C01FCF4B08A954540054247B /* Debug */,
				C01FCF4C08A954540054247B /* Release */,
			);
			defaultConfigurationIsVisible = 0;
			defaultConfigurationName = Release;
		};
		C01FCF4E08A954540054247B /* Build configuration list for PBXProject "TorchFS" */ = {
			isa = XCConfigurationList;
			buildConfigurations = (
				C01FCF4F08A954540054247B /* Debug */,
				C01FCF5008A954540054247B /* Release */,
			);
			defaultConfigurationIsVisible = 0;
			defaultConfigurationName = Release;
		};
/* End XCConfigurationList section */
	};
	rootObject = 29B97313FDCFA39411CA2CEA /* Project object */;
}
